lockfileVersion: '9.0'

settings:
  autoInstallPeers: true
  excludeLinksFromLockfile: false

importers:

  .:
    devDependencies:
      vite:
        specifier: ^7.1.0
        version: 7.3.7

packages:

  '@esbuild/aix-ppc64@0.28.2':
    resolution: {integrity: sha512-XExcO+dvLKvVtNTibSTBej1NCAbaGhWn9Ww1ZPx80qsahhPFe/8jgWP0IchNe0F3HwkU7n8ejhH8bjonqht8mQ==}
    engines: {node: '>=18'}
    cpu: [ppc64]
    os: [aix]

  '@esbuild/android-arm64@0.28.2':
    resolution: {integrity: sha512-5YfKeeI8qWfBZIX+u2xZC3Zlb3Os/gLS2sbEKM+I4ZOcsWmHS2WLysCcQZDAFRslDUU5Oiq44gf6PYN1vGwG5A==}
    engines: {node: '>=18'}
    cpu: [arm64]
    os: [android]

  '@esbuild/android-arm@0.28.2':
    resolution: {integrity: sha512-kXXoiPVVGQcnIYGOeaovwOURpniDBpSq4A03qkQ+BMQqtGG6HYap3xne9C1O1yo4TR3qxlCX5IqqmX6fFo2Lqg==}
    engines: {node: '>=18'}
    cpu: [arm]
    os: [android]

  '@esbuild/android-x64@0.28.2':
    resolution: {integrity: sha512-O387ite7SzUyCcy3JQX4P4bLtEA7bLLkx+esve5JHnyYfNTxcVpXZo9jhdB0lTKN44gztELTdU7nS8Nr16Fs1Q==}
    engines: {node: '>=18'}
    cpu: [x64]
    os: [android]

  '@esbuild/darwin-arm64@0.28.2':
    resolution: {integrity: sha512-n4KqkOQrraxHJcgjM1RvwbigfQKIKJVpM7xp+KsxiyUSrRdIXnt73VhrPAx0fV44hgfmIVKjxMN9J1t5jySVkw==}
    engines: {node: '>=18'}
    cpu: [arm64]
    os: [darwin]

  '@esbuild/darwin-x64@0.28.2':
    resolution: {integrity: sha512-uq6suIWYP37qzGddBKPw5QEQPi6HiLGsO7UmkpfyaYNQ3D+rN6w6WfwH+nuqcGXWvawGwxOEroO4YGnFh95azw==}
    engines: {node: '>=18'}
    cpu: [x64]
    os: [darwin]

  '@esbuild/freebsd-arm64@0.28.2':
    resolution: {integrity: sha512-n+I0BTSRIoy+d6RPKnEVwql5UwBJolytvY4mAOIEJorKlqgPII8ix6slVVrfZ5Tnj7glIZvloylbB/EJPMWEXw==}
    engines: {node: '>=18'}
    cpu: [arm64]
    os: [freebsd]

  '@esbuild/freebsd-x64@0.28.2':
    resolution: {integrity: sha512-78XJTJkvPs0kz2w61301PJjXl4g7q3JqiYMZ/M/yVI73EHBrCRTgkhu9oqG7vPqq+a/yadEW8aD+agKlk5xrmg==}
    engines: {node: '>=18'}
    cpu: [x64]
    os: [freebsd]

  '@esbuild/linux-arm64@0.28.2':
    resolution: {integrity: sha512-pW4AC0P3it8c7do9MVM4p51FzHzdM/TZrerurgRcHJ2WTa1VQ1CIq18xncfpBJw4ojkiZZrKW2yIBWBP92j6Ug==}
    engines: {node: '>=18'}
    cpu: [arm64]
    os: [linux]

  '@esbuild/linux-arm@0.28.2':
    resolution: {integrity: sha512-XlDnu2q5yoqems+xay6wSAcg9DDD7K9RLKZEBOMZm3ckNpJBvOX20tSfby8KfrrhINDyv9V2YVZKY/SpoGJI8w==}
    engines: {node: '>=18'}
    cpu: [arm]
    os: [linux]

  '@esbuild/linux-ia32@0.28.2':
    resolution: {integrity: sha512-CYbnj78HsIeA+DhgUKgFCfvNsTHFhMMrinUrMZpDXJXKN8T3XViTZ/+wtHeVxEWY8ewSzTFN+nRmSwO2tZaLUQ==}
    engines: {node: '>=18'}
    cpu: [ia32]
    os: [linux]

  '@esbuild/linux-loong64@0.28.2':
    resolution: {integrity: sha512-buwkd8nsph4R+ajRvw0qM5Hja/TXQow3ptzWO2EbG/cqcIkHloRrdlBtQlshyYGTNFvfkfJ5tpPLVkY4DtsPfQ==}
    engines: {node: '>=18'}
    cpu: [loong64]
    os: [linux]

  '@esbuild/linux-mips64el@0.28.2':
    resolution: {integrity: sha512-ZVykbDyk7519VwiNb9Lcj9m8XM6v5V9uKPvrEMkkEedVewf+0itkhahp4HDpgERXhwLRpWFypsGbG/J8s0QjJA==}
    engines: {node: '>=18'}
    cpu: [mips64el]
    os: [linux]

  '@esbuild/linux-ppc64@0.28.2':
    resolution: {integrity: sha512-CAXl+Dtd9UUuJd8pKKdwh6MLm3MUMiqMPmhZ3tTSXPqfyQ3vDl6R5hZdZ/kYojK4ofXtdfSv1tFq8XzWx3heNQ==}
    engines: {node: '>=18'}
    cpu: [ppc64]
    os: [linux]

  '@esbuild/linux-riscv64@0.28.2':
    resolution: {integrity: sha512-GeXCej4IQtU1B+QlDV8W/RRvbzI3O/Stss+/bCXv4lZls5WGRtu2a+3JkA3i4qIUlMXpcHebWpF8AkJhATowuA==}
    engines: {node: '>=18'}
    cpu: [riscv64]
    os: [linux]

  '@esbuild/linux-s390x@0.28.2':
    resolution: {integrity: sha512-3H1weTYZPxt/WOhByszQZybS9w5lKzUn1FDMsgEChbHWQwHYQQRfBxgCcZvPhjHfKyJjIievvMmEUawJrdY9Dg==}
    engines: {node: '>=18'}
    cpu: [s390x]
    os: [linux]

  '@esbuild/linux-x64@0.28.2':
    resolution: {integrity: sha512-4xTZr1FUmSoQW4XIWmit3tzQrUTZM+N3P0XV8xROKYF50XfI7xeO90+1bZvNwxIufQ9hDQVRJH5YhgPVF8A/HQ==}
    engines: {node: '>=18'}
    cpu: [x64]
    os: [linux]

  '@esbuild/netbsd-arm64@0.28.2':
    resolution: {integrity: sha512-sSATRjPeDBg3pdgHoQfoYBob11Kk1FGa9lui5RIHZCoCkJa9QKlvl3/vKz2usCmYYjs7ymJR/2Nnsqe+Hjt5nw==}
    engines: {node: '>=18'}
    cpu: [arm64]
    os: [netbsd]

  '@esbuild/netbsd-x64@0.28.2':
    resolution: {integrity: sha512-lqnzCV+mM0gIADaKihiCg6ifgfU2L3h5E33rNQBN1Y4MaVGnzryzmvvf7UHxprpQdE8hpqLolJ9Rl+SkIRDpyw==}
    engines: {node: '>=18'}
    cpu: [x64]
    os: [netbsd]

  '@esbuild/openbsd-arm64@0.28.2':
    resolution: {integrity: sha512-AL2qJILH7lNjrDmCQDvdxMfAUIv8KMNZOvrwAQ8i8//ntL9FflhOyMJ8OZSMBb8/AWXe3/5v5S20y3zCoZWKoQ==}
    engines: {node: '>=18'}
    cpu: [arm64]
    os: [openbsd]

  '@esbuild/openbsd-x64@0.28.2':
    resolution: {integrity: sha512-QtiuPytchRyC4rwUKhexJdQKvDuZ6hWloi3igqPQNUJCS1/v9EiO3UTOXR6A3FoMo4fnAKbWJdqaIwhOzh8qEw==}
    engines: {node: '>=18'}
    cpu: [x64]
    os: [openbsd]

  '@esbuild/openharmony-arm64@0.28.2':
    resolution: {integrity: sha512-WkhYDmpTjLvGlScA1rwjRUmhl4k8oXR3cIbtqWmELgU/dFeHHlEllxDvdWcNJV9rbzCexB5vz8gtNewWLgCT7Q==}
    engines: {node: '>=18'}
    cpu: [arm64]
    os: [openharmony]

  '@esbuild/sunos-x64@0.28.2':
    resolution: {integrity: sha512-GPMSkTOtMnv2U2F8gxe4Io6qmVs+YKyp832Etqqxr0hFngmXQ3rzwytelm3GIn7T4VviRUlf3sOgBOiTdvaf7g==}
    engines: {node: '>=18'}
    cpu: [x64]
    os: [sunos]

  '@esbuild/win32-arm64@0.28.2':
    resolution: {integrity: sha512-PIhhEkE9uPBleRBrQEJpUn7MBnibZzbGzYWPmY3x+YoVg/95zbjB4CxPPOQ8l5tYYM4mMaCthF8/1DIfBQQyWQ==}
    engines: {node: '>=18'}
    cpu: [arm64]
    os: [win32]

  '@esbuild/win32-ia32@0.28.2':
    resolution: {integrity: sha512-YmJbfTlvU7Sdn9BB+4PRES4oB6pxgS37MAONj+hBr/cpXS1aBPKXxNnDbu+QCWPj0o9dgyxeq79g6c5P8KeuYA==}
    engines: {node: '>=18'}
    cpu: [ia32]
    os: [win32]

  '@esbuild/win32-x64@0.28.2':
    resolution: {integrity: sha512-5ebpxr3nWMzrL/rnUI755Jkuee0bHL/Gq0WTF9lvcpv73wAp5eu8MfBUgWK9bhWvZjj7yX8etf/8tI8Ney695g==}
    engines: {node: '>=18'}
    cpu: [x64]
    os: [win32]

  '@napi-rs/lzma-linux-x64-gnu@1.5.1':
    resolution: {integrity: sha512-oTXEIha4SsuXdTA4Iyskj0kpdx2yVXdhd75c2v3xGrHFfVMsbhTPZU/nMPL4sWKo4pBHm3aucLaqGlF696dTyQ==}
    engines: {node: ^22.20 || ^24.12 || >=25}
    cpu: [x64]
    os: [linux]

  '@rollup/rollup-android-arm-eabi@4.64.3':
    resolution: {integrity: sha512-a31GFbL70GlGUGhn8goVjRLtdDG1urLCJFWLZ7JcxdHK9pPvCohLFtYLgJDdNbtrNZSrJl1u9bK05ISsSC2EpA==}
    cpu: [arm]
    os: [android]

  '@rollup/rollup-android-arm64@4.64.3':
    resolution: {integrity: sha512-IRv757RLiPGlNxAX5JXU0eiUlUPvKiwFRbkqLd+gywptLK4uSEg1qkl6en6r0cXMazSnWUWOBABv+QfuLV3n5Q==}
    cpu: [arm64]
    os: [android]

  '@rollup/rollup-darwin-arm64@4.64.3':
    resolution: {integrity: sha512-UkzI35Fnz6+MJNATdnjnZ3TpdG/rXab8h7oDOD9R0zDVIFmuuYrvgUj8V8mh+A//+LR4TlEQo4ZW4RhyRtWv3A==}
    cpu: [arm64]
    os: [darwin]

  '@rollup/rollup-darwin-x64@4.64.3':
    resolution: {integrity: sha512-C3AyMtAnKQ/jSkZ0chIoWbPXRbFz8JnPLhl1ULecEhcaOGkT19xt7KmO8BulQxt9S/XideHRXvsVQUbGj4JCOg==}
    cpu: [x64]
    os: [darwin]

  '@rollup/rollup-freebsd-arm64@4.64.3':
    resolution: {integrity: sha512-M8yAdBMyHh14JLeXDNGvEkljzuHdcoLBQ399O4Fp4nvX51lueuEY/5U2G9Ci0D6/bQlBp/3JLiBQH55STwwbwg==}
    cpu: [arm64]
    os: [freebsd]

  '@rollup/rollup-freebsd-x64@4.64.3':
    resolution: {integrity: sha512-WQjuOKGh2FN98ZK6i0uM6M6YqnPEds85p3oRkrxiEeTQo/p7RpuU8c9MwQ88LfgwVAzohumlzbQQSikz4Zw9rw==}
    cpu: [x64]
    os: [freebsd]

  '@rollup/rollup-linux-arm-gnueabihf@4.64.3':
    resolution: {integrity: sha512-5tDLZG5s9WyVKoEHgwos6FpKrgpotl61EYeHSLSVkQzMzTsaClwEr8mok9rm3y734zjiGInG4dfw/56ebWVvEQ==}
    cpu: [arm]
    os: [linux]

  '@rollup/rollup-linux-arm-musleabihf@4.64.3':
    resolution: {integrity: sha512-Mh5KbLeplM2HX6lQI18jsxSsqvPW8d+Hyk8HtY6Zl93woMitRSCZ92rBEzq6v8bfZGlpyMgj4P/sKW4KCjhH3A==}
    cpu: [arm]
    os: [linux]

  '@rollup/rollup-linux-arm64-gnu@4.64.3':
    resolution: {integrity: sha512-QZrrwHnznTv6y4iiHtCqDN+ZsF4qNFQObMOLgPrbxhh9O5o4rgoUe5OnkqG/ceCObMrAjhQt+eQ6HSDzBFgVMw==}
    cpu: [arm64]
    os: [linux]

  '@rollup/rollup-linux-arm64-musl@4.64.3':
    resolution: {integrity: sha512-4vLehpXSwlkltnvk5ETB+Hz+d3xayZS3NamZ5Vq4bSo+IUoIALovEJF1YgWPMjHwN7R5o/R4BpP9h3q8EK1xAA==}
    cpu: [arm64]
    os: [linux]

  '@rollup/rollup-linux-loong64-gnu@4.64.3':
    resolution: {integrity: sha512-SEN7TTTOdXJKZmsWKOnQeVfgy3Dje/08ISXWwFhTggQ3SxjuIaChvmOB5ZDZqJNlBjaXrV6nAHraqEAvdLGqcw==}
    cpu: [loong64]
    os: [linux]

  '@rollup/rollup-linux-loong64-musl@4.64.3':
    resolution: {integrity: sha512-1LDsQMRMCEdGF9Dih5qyh6fF1LK3NnA+pAtE2+9AgZwUdXyd19TOBVC9crSB63iZBHR4vOG7h8gN/LcUH3J7xw==}
    cpu: [loong64]
    os: [linux]

  '@rollup/rollup-linux-ppc64-gnu@4.64.3':
    resolution: {integrity: sha512-v3D2tAfRriqGOi+5Ac5CiYbBo2NXtLVxJlludTvUZRj502lVMFeVIuvvWbz4qCrotn3e3Uvpvh7FcMpG2QxxXQ==}
    cpu: [ppc64]
    os: [linux]

  '@rollup/rollup-linux-ppc64-musl@4.64.3':
    resolution: {integrity: sha512-db5q6dP189V2+JkMpsXBl8ym6bC0x8ydZ47fUJZ9YdM6T2OF5uqNzX9HaAZHRP/lqjA9bJeNwi0qw1/2/37dUA==}
    cpu: [ppc64]
    os: [linux]

  '@rollup/rollup-linux-riscv64-gnu@4.64.3':
    resolution: {integrity: sha512-nArAVDmrL5ix9UoipcKEsYJw4kMUQCIPYRWuYF2POOC7jd9rmN95d/48ewsYFC/OdtwEx6VYYWYxrp8FbMOU2Q==}
    cpu: [riscv64]
    os: [linux]

  '@rollup/rollup-linux-riscv64-musl@4.64.3':
    resolution: {integrity: sha512-2dc7LElu7EVSvpQT8epNnBLa02wlqilNYqHN0FA/RaKqCr9U9ZFYQ0Eh4sfgSzLneLDuJsJRjcezR/l2UyYGXA==}
    cpu: [riscv64]
    os: [linux]

  '@rollup/rollup-linux-s390x-gnu@4.64.3':
    resolution: {integrity: sha512-9PYq2IEzSwXcvQLERcT9LKXRzw8J05GFTbJHA2anJR2WmlRjA1esgXVYhanp+bmjKsDVoZeU2L7Z2pRClLcZTw==}
    cpu: [s390x]
    os: [linux]

  '@rollup/rollup-linux-x64-gnu@4.64.3':
    resolution: {integrity: sha512-vMh+mt0cw1BHldd8cqaU6A5s1W4EUKl6+8MRsv86mj954L4xyruKD7qPXMUI2icImadAZARK10h0onaGTLmCVg==}
    cpu: [x64]
    os: [linux]

  '@rollup/rollup-linux-x64-musl@4.64.3':
    resolution: {integrity: sha512-PpiKU+sWbqDGc0U0su8oXiyeyqm0UQjmaaPKHktX+DaLe6YKJwW2YVD0f2AXHdVvblZbRqpwRVClWP2F5HCqrQ==}
    cpu: [x64]
    os: [linux]

  '@rollup/rollup-openbsd-x64@4.64.3':
    resolution: {integrity: sha512-/3enY/AmaIt8IS0fWjX4ztYVPBqkj49cQTy/hCryhBFaEzDfJwwEolq9sxvyWAM2qmsmVuPdeRg5JXSrmeqvJg==}
    cpu: [x64]
    os: [openbsd]

  '@rollup/rollup-openharmony-arm64@4.64.3':
    resolution: {integrity: sha512-zsEP/QDuet52hhwvi5T1VPg0/Tkms0m3zkVv7CPsznvhdO4pL4oJTMz26EJsiCe18OeLKPgpTu3XVO3C1eq3ew==}
    cpu: [arm64]
    os: [openharmony]

  '@rollup/rollup-win32-arm64-msvc@4.64.3':
    resolution: {integrity: sha512-4ESknW4Db+kqvazVOfsReYJaHxcIsOqcgwjKV2J1tG5Bn4RVf5ocTQKSGuq2HWBJcOLuyim8IWX8DuH6nKmELA==}
    cpu: [arm64]
    os: [win32]

  '@rollup/rollup-win32-ia32-msvc@4.64.3':
    resolution: {integrity: sha512-3B8VCQyIyv7FQxYYhb3HpR3bIpronR20txjMSffSoz/sm/DDs3/49CFpEueOsvq9qW9sWoI/6pi6mtciD9NXFg==}
    cpu: [ia32]
    os: [win32]

  '@rollup/rollup-win32-x64-gnu@4.64.3':
    resolution: {integrity: sha512-YOoDkKh2oQxOxRB5D9AR8sj3qpMShpmyTkjojiBjMGigz3caV7UvCnXWWUQC0TBmrZ5zuHe2pWl8S+cMfvXzRg==}
    cpu: [x64]
    os: [win32]

  '@rollup/rollup-win32-x64-msvc@4.64.3':
    resolution: {integrity: sha512-qTv4bG+eKJKifzxNJevMUh8L6CjJrz9/Kn1IbP2F5bo0tBzNIR7HMg4vni6XmDzcKUl00lHHY+J5ZgjbGiujOQ==}
    cpu: [x64]
    os: [win32]

  '@types/estree@1.0.9':
    resolution: {integrity: sha512-GhdPgy1el4/ImP05X05Uw4cw2/M93BCUmnEvWZNStlCzEKME4Fkk+YpoA5OiHNQmoS7Cafb8Xa3Pya8m1Qrzeg==}

  esbuild@0.28.2:
    resolution: {integrity: sha512-HKVLS8dvII+xoKW9kmqxbRKrnWEXfJJr/FZhhJmiqIB0e053QNYFqOBouTMO/k5sID4MvCiUCvv8b9M4h32wIA==}
    engines: {node: '>=18'}
    hasBin: true

  fdir@6.5.0:
    resolution: {integrity: sha512-tIbYtZbucOs0BRGqPJkshJUYdL+SDH7dVM8gjy+ERp3WAUjLEFJE+02kanyHtwjWOnwrKYBiwAmM0p4kLJAnXg==}
    engines: {node: '>=12.0.0'}
    peerDependencies:
      picomatch: ^3 || ^4
    peerDependenciesMeta:
      picomatch:
        optional: true

  fsevents@2.3.3:
    resolution: {integrity: sha512-5xoDfX+fL7faATnagmWPpbFtwh/R77WmMMqqHGS65C3vvB0YHrgF+B1YmZ3441tMj5n63k0212XNoJwzlhffQw==}
    engines: {node: ^8.16.0 || ^10.6.0 || >=11.0.0}
    os: [darwin]

  nanoid@3.3.20:
    resolution: {integrity: sha512-uKdg2G3GNCKQn9byYOpxbGqrT2fGO5KRt5J/8b3pok8rT6qxGWF6hxMyJiEYtAf+FVyYuD9hRaDqX5uPFYJ4ZQ==}
    engines: {node: ^10 || ^12 || ^13.7 || ^14 || >=15.0.1}
    hasBin: true

  picocolors@1.1.1:
    resolution: {integrity: sha512-xceH2snhtb5M9liqDsmEw56le376mTZkEX/jEb/RxNFyegNul7eNslCXP9FDj/Lcu0X8KEyMceP2ntpaHrDEVA==}

  picomatch@4.0.7:
    resolution: {integrity: sha512-qcJu88Q2IWqJsDD529JKMdwGm/dvInW4HvQnRwiH9JtihJvzGOscDtHE3x1pBKeUOTysQ8kVmLnJ2kJu7yhcGA==}
    engines: {node: '>=12'}

  postcss@8.5.29:
    resolution: {integrity: sha512-49cGhUbXj8Qenv0iTMxA1cFBzxXoctpC9Ujd77t1WcbJIr6nF/eI7g/8MgxrYldFRuAXvja7xQRwavoW7kgrxQ==}
    engines: {node: ^10 || ^12 || >=14}

  rollup@4.64.3:
    resolution: {integrity: sha512-iIMWbptLYsZdGTJMH8ngApXdsCatE6bCMv2eqGIfGE1++kwh7TCWBdWKK0FKC0yx++196vGK5VdagzRXSLMa8A==}
    engines: {node: '>=18.0.0', npm: '>=8.0.0'}
    hasBin: true

  source-map-js@1.2.2:
    resolution: {integrity: sha512-KGj/8Y43x35aZVDtt+J4mK1hoLGHULMYfSkODJNQjNDC3oW1PqPoxMwo0pLUsWM/UEGzON/NxeHywEfNXNP3Vw==}
    engines: {node: '>=0.10.0'}

  tinyglobby@0.2.17:
    resolution: {integrity: sha512-wXR/dYpcqKmfWpEdZjiKJOwCNFndD0DMnrW/cYjVGttEkBfVgcLFHoNrlj47mjOVic9yyNu65alsgF4NQyTa2g==}
    engines: {node: '>=12.0.0'}

  vite@7.3.7:
    resolution: {integrity: sha512-AHEzTORMbi7/7aXp7w7KZ5+DCUdSeLsJz0grY8xHpc9DHdYb0vQu6DqJfm2tOw3gDExNgPgnJTXxM6syYFHaCA==}
    engines: {node: ^20.19.0 || >=22.12.0}
    hasBin: true
    peerDependencies:
      '@types/node': ^20.19.0 || >=22.12.0
      jiti: '>=1.21.0'
      less: ^4.0.0
      lightningcss: ^1.21.0
      sass: ^1.70.0
      sass-embedded: ^1.70.0
      stylus: '>=0.54.8'
      sugarss: ^5.0.0
      terser: ^5.16.0
      tsx: ^4.8.1
      yaml: ^2.4.2
    peerDependenciesMeta:
      '@types/node':
        optional: true
      jiti:
        optional: true
      less:
        optional: true
      lightningcss:
        optional: true
      sass:
        optional: true
      sass-embedded:
        optional: true
      stylus:
        optional: true
      sugarss:
        optional: true
      terser:
        optional: true
      tsx:
        optional: true
      yaml:
        optional: true

snapshots:

  '@esbuild/aix-ppc64@0.28.2':
    optional: true

  '@esbuild/android-arm64@0.28.2':
    optional: true

  '@esbuild/android-arm@0.28.2':
    optional: true

  '@esbuild/android-x64@0.28.2':
    optional: true

  '@esbuild/darwin-arm64@0.28.2':
    optional: true

  '@esbuild/darwin-x64@0.28.2':
    optional: true

  '@esbuild/freebsd-arm64@0.28.2':
    optional: true

  '@esbuild/freebsd-x64@0.28.2':
    optional: true

  '@esbuild/linux-arm64@0.28.2':
    optional: true

  '@esbuild/linux-arm@0.28.2':
    optional: true

  '@esbuild/linux-ia32@0.28.2':
    optional: true

  '@esbuild/linux-loong64@0.28.2':
    optional: true

  '@esbuild/linux-mips64el@0.28.2':
    optional: true

  '@esbuild/linux-ppc64@0.28.2':
    optional: true

  '@esbuild/linux-riscv64@0.28.2':
    optional: true

  '@esbuild/linux-s390x@0.28.2':
    optional: true

  '@esbuild/linux-x64@0.28.2':
    optional: true

  '@esbuild/netbsd-arm64@0.28.2':
    optional: true

  '@esbuild/netbsd-x64@0.28.2':
    optional: true

  '@esbuild/openbsd-arm64@0.28.2':
    optional: true

  '@esbuild/openbsd-x64@0.28.2':
    optional: true

  '@esbuild/openharmony-arm64@0.28.2':
    optional: true

  '@esbuild/sunos-x64@0.28.2':
    optional: true

  '@esbuild/win32-arm64@0.28.2':
    optional: true

  '@esbuild/win32-ia32@0.28.2':
    optional: true

  '@esbuild/win32-x64@0.28.2':
    optional: true

  '@napi-rs/lzma-linux-x64-gnu@1.5.1':
    optional: true

  '@rollup/rollup-android-arm-eabi@4.64.3':
    optional: true

  '@rollup/rollup-android-arm64@4.64.3':
    optional: true

  '@rollup/rollup-darwin-arm64@4.64.3':
    optional: true

  '@rollup/rollup-darwin-x64@4.64.3':
    optional: true

  '@rollup/rollup-freebsd-arm64@4.64.3':
    optional: true

  '@rollup/rollup-freebsd-x64@4.64.3':
    optional: true

  '@rollup/rollup-linux-arm-gnueabihf@4.64.3':
    optional: true

  '@rollup/rollup-linux-arm-musleabihf@4.64.3':
    optional: true

  '@rollup/rollup-linux-arm64-gnu@4.64.3':
    optional: true

  '@rollup/rollup-linux-arm64-musl@4.64.3':
    optional: true

  '@rollup/rollup-linux-loong64-gnu@4.64.3':
    optional: true

  '@rollup/rollup-linux-loong64-musl@4.64.3':
    optional: true

  '@rollup/rollup-linux-ppc64-gnu@4.64.3':
    optional: true

  '@rollup/rollup-linux-ppc64-musl@4.64.3':
    optional: true

  '@rollup/rollup-linux-riscv64-gnu@4.64.3':
    optional: true

  '@rollup/rollup-linux-riscv64-musl@4.64.3':
    optional: true

  '@rollup/rollup-linux-s390x-gnu@4.64.3':
    optional: true

  '@rollup/rollup-linux-x64-gnu@4.64.3':
    optional: true

  '@rollup/rollup-linux-x64-musl@4.64.3':
    optional: true

  '@rollup/rollup-openbsd-x64@4.64.3':
    optional: true

  '@rollup/rollup-openharmony-arm64@4.64.3':
    optional: true

  '@rollup/rollup-win32-arm64-msvc@4.64.3':
    optional: true

  '@rollup/rollup-win32-ia32-msvc@4.64.3':
    optional: true

  '@rollup/rollup-win32-x64-gnu@4.64.3':
    optional: true

  '@rollup/rollup-win32-x64-msvc@4.64.3':
    optional: true

  '@types/estree@1.0.9': {}

  esbuild@0.28.2:
    optionalDependencies:
      '@esbuild/aix-ppc64': 0.28.2
      '@esbuild/android-arm': 0.28.2
      '@esbuild/android-arm64': 0.28.2
      '@esbuild/android-x64': 0.28.2
      '@esbuild/darwin-arm64': 0.28.2
      '@esbuild/darwin-x64': 0.28.2
      '@esbuild/freebsd-arm64': 0.28.2
      '@esbuild/freebsd-x64': 0.28.2
      '@esbuild/linux-arm': 0.28.2
      '@esbuild/linux-arm64': 0.28.2
      '@esbuild/linux-ia32': 0.28.2
      '@esbuild/linux-loong64': 0.28.2
      '@esbuild/linux-mips64el': 0.28.2
      '@esbuild/linux-ppc64': 0.28.2
      '@esbuild/linux-riscv64': 0.28.2
      '@esbuild/linux-s390x': 0.28.2
      '@esbuild/linux-x64': 0.28.2
      '@esbuild/netbsd-arm64': 0.28.2
      '@esbuild/netbsd-x64': 0.28.2
      '@esbuild/openbsd-arm64': 0.28.2
      '@esbuild/openbsd-x64': 0.28.2
      '@esbuild/openharmony-arm64': 0.28.2
      '@esbuild/sunos-x64': 0.28.2
      '@esbuild/win32-arm64': 0.28.2
      '@esbuild/win32-ia32': 0.28.2
      '@esbuild/win32-x64': 0.28.2

  fdir@6.5.0(picomatch@4.0.7):
    optionalDependencies:
      picomatch: 4.0.7

  fsevents@2.3.3:
    optional: true

  nanoid@3.3.20: {}

  picocolors@1.1.1: {}

  picomatch@4.0.7: {}

  postcss@8.5.29:
    dependencies:
      nanoid: 3.3.20
      picocolors: 1.1.1
      source-map-js: 1.2.2

  rollup@4.64.3:
    dependencies:
      '@types/estree': 1.0.9
    optionalDependencies:
      '@napi-rs/lzma-linux-x64-gnu': 1.5.1
      '@rollup/rollup-android-arm-eabi': 4.64.3
      '@rollup/rollup-android-arm64': 4.64.3
      '@rollup/rollup-darwin-arm64': 4.64.3
      '@rollup/rollup-darwin-x64': 4.64.3
      '@rollup/rollup-freebsd-arm64': 4.64.3
      '@rollup/rollup-freebsd-x64': 4.64.3
      '@rollup/rollup-linux-arm-gnueabihf': 4.64.3
      '@rollup/rollup-linux-arm-musleabihf': 4.64.3
      '@rollup/rollup-linux-arm64-gnu': 4.64.3
      '@rollup/rollup-linux-arm64-musl': 4.64.3
      '@rollup/rollup-linux-loong64-gnu': 4.64.3
      '@rollup/rollup-linux-loong64-musl': 4.64.3
      '@rollup/rollup-linux-ppc64-gnu': 4.64.3
      '@rollup/rollup-linux-ppc64-musl': 4.64.3
      '@rollup/rollup-linux-riscv64-gnu': 4.64.3
      '@rollup/rollup-linux-riscv64-musl': 4.64.3
      '@rollup/rollup-linux-s390x-gnu': 4.64.3
      '@rollup/rollup-linux-x64-gnu': 4.64.3
      '@rollup/rollup-linux-x64-musl': 4.64.3
      '@rollup/rollup-openbsd-x64': 4.64.3
      '@rollup/rollup-openharmony-arm64': 4.64.3
      '@rollup/rollup-win32-arm64-msvc': 4.64.3
      '@rollup/rollup-win32-ia32-msvc': 4.64.3
      '@rollup/rollup-win32-x64-gnu': 4.64.3
      '@rollup/rollup-win32-x64-msvc': 4.64.3
      fsevents: 2.3.3

  source-map-js@1.2.2: {}

  tinyglobby@0.2.17:
    dependencies:
      fdir: 6.5.0(picomatch@4.0.7)
      picomatch: 4.0.7

  vite@7.3.7:
    dependencies:
      esbuild: 0.28.2
      fdir: 6.5.0(picomatch@4.0.7)
      picomatch: 4.0.7
      postcss: 8.5.29
      rollup: 4.64.3
      tinyglobby: 0.2.17
    optionalDependencies:
      fsevents: 2.3.3
